
Microsoft Visual Studio Solution File, Format Version 12.00
# Visual Studio 15
VisualStudioVersion = 15.0.27703.2026
MinimumVisualStudioVersion = 10.0.40219.1
Project("{FAE04EC0-301F-11D3-BF4B-00C04F79EFBC}") = "ExcelToEpricaXML", "ExcelToEpricaXML\ExcelToEpricaXML.csproj", "{C2BE6279-DB75-4CA8-918C-51898198B068}"
EndProject
Global
	GlobalSection(SolutionConfigurationPlatforms) = preSolution
		Debug|Any CPU = Debug|Any CPU
		Release|Any CPU = Release|Any CPU
	EndGlobalSection
	GlobalSection(ProjectConfigurationPlatforms) = postSolution
		{C2BE6279-DB75-4CA8-918C-51898198B068}.Debug|Any CPU.ActiveCfg = Debug|Any CPU
		{C2BE6279-DB75-4CA8-918C-51898198B068}.Debug|Any CPU.Build.0 = Debug|Any CPU
		{C2BE6279-DB75-4CA8-918C-51898198B068}.Release|Any CPU.ActiveCfg = Release|Any CPU
		{C2BE6279-DB75-4CA8-918C-51898198B068}.Release|Any CPU.Build.0 = Release|Any CPU
	EndGlobalSection
	GlobalSection(SolutionProperties) = preSolution
		HideSolutionNode = FALSE
	EndGlobalSection
	GlobalSection(ExtensibilityGlobals) = postSolution
		SolutionGuid = {24F9E13E-5701-4AED-A117-4987781E2939}
	EndGlobalSection
EndGlobal
